
Microsoft Visual Studio Solution File, Format Version 12.00
# Visual Studio Version 16
VisualStudioVersion = 16.0.31112.23
MinimumVisualStudioVersion = 10.0.40219.1
Project("{8BC9CEB8-8B4A-11D0-8D11-00A0C91BC942}") = "Gemini_Titan", "Gemini_Titan\Gemini_Titan.vcxproj", "{92DB7C97-A334-4707-9612-B93B04115080}"
EndProject
Project("{8BC9CEB8-8B4A-11D0-8D11-00A0C91BC942}") = "Gemini_Astro", "Gemini_Astro\Gemini_Astro.vcxproj", "{E31147C9-CFF0-4A9F-A2F9-2C727C7172D6}"
EndProject
Project("{8BC9CEB8-8B4A-11D0-8D11-00A0C91BC942}") = "gemini_eva", "gemini_eva\gemini_eva.vcxproj", "{27B1022D-3986-4627-9616-34A0FD7FE958}"
EndProject
Project("{8BC9CEB8-8B4A-11D0-8D11-00A0C91BC942}") = "GATV", "GATV\GATV.vcxproj", "{DAA19311-476E-4003-A731-AB59F30B2DA5}"
EndProject
Project("{8BC9CEB8-8B4A-11D0-8D11-00A0C91BC942}") = "Beacon", "Beacon\Beacon.vcxproj", "{B0E5CD6A-38B0-4967-8FC7-1AFADDA72611}"
EndProject
Global
	GlobalSection(SolutionConfigurationPlatforms) = preSolution
		Debug|x86 = Debug|x86
		Release|x86 = Release|x86
		Template|x86 = Template|x86
	EndGlobalSection
	GlobalSection(ProjectConfigurationPlatforms) = postSolution
		{92DB7C97-A334-4707-9612-B93B04115080}.Debug|x86.ActiveCfg = Debug|Win32
		{92DB7C97-A334-4707-9612-B93B04115080}.Debug|x86.Build.0 = Debug|Win32
		{92DB7C97-A334-4707-9612-B93B04115080}.Release|x86.ActiveCfg = Release|Win32
		{92DB7C97-A334-4707-9612-B93B04115080}.Release|x86.Build.0 = Release|Win32
		{92DB7C97-A334-4707-9612-B93B04115080}.Template|x86.ActiveCfg = Debug|Win32
		{92DB7C97-A334-4707-9612-B93B04115080}.Template|x86.Build.0 = Debug|Win32
		{E31147C9-CFF0-4A9F-A2F9-2C727C7172D6}.Debug|x86.ActiveCfg = Debug|Win32
		{E31147C9-CFF0-4A9F-A2F9-2C727C7172D6}.Debug|x86.Build.0 = Debug|Win32
		{E31147C9-CFF0-4A9F-A2F9-2C727C7172D6}.Release|x86.ActiveCfg = Release|Win32
		{E31147C9-CFF0-4A9F-A2F9-2C727C7172D6}.Release|x86.Build.0 = Release|Win32
		{E31147C9-CFF0-4A9F-A2F9-2C727C7172D6}.Template|x86.ActiveCfg = Template|Win32
		{E31147C9-CFF0-4A9F-A2F9-2C727C7172D6}.Template|x86.Build.0 = Template|Win32
		{27B1022D-3986-4627-9616-34A0FD7FE958}.Debug|x86.ActiveCfg = Debug|Win32
		{27B1022D-3986-4627-9616-34A0FD7FE958}.Debug|x86.Build.0 = Debug|Win32
		{27B1022D-3986-4627-9616-34A0FD7FE958}.Release|x86.ActiveCfg = Release|Win32
		{27B1022D-3986-4627-9616-34A0FD7FE958}.Release|x86.Build.0 = Release|Win32
		{27B1022D-3986-4627-9616-34A0FD7FE958}.Template|x86.ActiveCfg = Template|Win32
		{27B1022D-3986-4627-9616-34A0FD7FE958}.Template|x86.Build.0 = Template|Win32
		{DAA19311-476E-4003-A731-AB59F30B2DA5}.Debug|x86.ActiveCfg = Debug|Win32
		{DAA19311-476E-4003-A731-AB59F30B2DA5}.Debug|x86.Build.0 = Debug|Win32
		{DAA19311-476E-4003-A731-AB59F30B2DA5}.Release|x86.ActiveCfg = Release|Win32
		{DAA19311-476E-4003-A731-AB59F30B2DA5}.Release|x86.Build.0 = Release|Win32
		{DAA19311-476E-4003-A731-AB59F30B2DA5}.Template|x86.ActiveCfg = Debug|Win32
		{DAA19311-476E-4003-A731-AB59F30B2DA5}.Template|x86.Build.0 = Debug|Win32
		{B0E5CD6A-38B0-4967-8FC7-1AFADDA72611}.Debug|x86.ActiveCfg = Debug|Win32
		{B0E5CD6A-38B0-4967-8FC7-1AFADDA72611}.Debug|x86.Build.0 = Debug|Win32
		{B0E5CD6A-38B0-4967-8FC7-1AFADDA72611}.Release|x86.ActiveCfg = Release|Win32
		{B0E5CD6A-38B0-4967-8FC7-1AFADDA72611}.Release|x86.Build.0 = Release|Win32
		{B0E5CD6A-38B0-4967-8FC7-1AFADDA72611}.Template|x86.ActiveCfg = Debug|Win32
		{B0E5CD6A-38B0-4967-8FC7-1AFADDA72611}.Template|x86.Build.0 = Debug|Win32
	EndGlobalSection
	GlobalSection(SolutionProperties) = preSolution
		HideSolutionNode = FALSE
	EndGlobalSection
	GlobalSection(ExtensibilityGlobals) = postSolution
		SolutionGuid = {B1DD7464-483A-43C7-9BE4-3D9B189A237A}
	EndGlobalSection
EndGlobal
