
Microsoft Visual Studio Solution File, Format Version 12.00
# Visual Studio Version 16
VisualStudioVersion = 16.0.31112.23
MinimumVisualStudioVersion = 10.0.40219.1
Project("{8BC9CEB8-8B4A-11D0-8D11-00A0C91BC942}") = "gemini_eva", "gemini_eva.vcxproj", "{27B1022D-3986-4627-9616-34A0FD7FE958}"
EndProject
Global
	GlobalSection(SolutionConfigurationPlatforms) = preSolution
		Debug|x86 = Debug|x86
		Release|x86 = Release|x86
		Template|x86 = Template|x86
	EndGlobalSection
	GlobalSection(ProjectConfigurationPlatforms) = postSolution
		{27B1022D-3986-4627-9616-34A0FD7FE958}.Debug|x86.ActiveCfg = Debug|Win32
		{27B1022D-3986-4627-9616-34A0FD7FE958}.Debug|x86.Build.0 = Debug|Win32
		{27B1022D-3986-4627-9616-34A0FD7FE958}.Release|x86.ActiveCfg = Release|Win32
		{27B1022D-3986-4627-9616-34A0FD7FE958}.Release|x86.Build.0 = Release|Win32
		{27B1022D-3986-4627-9616-34A0FD7FE958}.Template|x86.ActiveCfg = Template|Win32
		{27B1022D-3986-4627-9616-34A0FD7FE958}.Template|x86.Build.0 = Template|Win32
	EndGlobalSection
	GlobalSection(SolutionProperties) = preSolution
		HideSolutionNode = FALSE
	EndGlobalSection
	GlobalSection(ExtensibilityGlobals) = postSolution
		SolutionGuid = {51AC9740-BE22-456B-BB7B-8C515BE833B7}
	EndGlobalSection
EndGlobal
